
Microsoft Visual Studio Solution File, Format Version 12.00
# Visual Studio Version 17
VisualStudioVersion = 17.0.31919.166
MinimumVisualStudioVersion = 10.0.40219.1
Project("{FAE04EC0-301F-11D3-BF4B-00C04F79EFBC}") = "Demo_NotificationFromServerToClient_SignalR", "Demo_NotificationFromServerToClient_SignalR\Demo_NotificationFromServerToClient_SignalR.csproj", "{EA0AF04E-64A8-492D-B4B9-D9B3BC08D8C3}"
EndProject
Global
	GlobalSection(SolutionConfigurationPlatforms) = preSolution
		Debug|Any CPU = Debug|Any CPU
		Release|Any CPU = Release|Any CPU
	EndGlobalSection
	GlobalSection(ProjectConfigurationPlatforms) = postSolution
		{EA0AF04E-64A8-492D-B4B9-D9B3BC08D8C3}.Debug|Any CPU.ActiveCfg = Debug|Any CPU
		{EA0AF04E-64A8-492D-B4B9-D9B3BC08D8C3}.Debug|Any CPU.Build.0 = Debug|Any CPU
		{EA0AF04E-64A8-492D-B4B9-D9B3BC08D8C3}.Release|Any CPU.ActiveCfg = Release|Any CPU
		{EA0AF04E-64A8-492D-B4B9-D9B3BC08D8C3}.Release|Any CPU.Build.0 = Release|Any CPU
	EndGlobalSection
	GlobalSection(SolutionProperties) = preSolution
		HideSolutionNode = FALSE
	EndGlobalSection
	GlobalSection(ExtensibilityGlobals) = postSolution
		SolutionGuid = {703E2C9C-E3AF-473F-A780-1BD22FA8D5F1}
	EndGlobalSection
EndGlobal
